
Microsoft Visual Studio Solution File, Format Version 12.00
# Visual Studio Version 17
VisualStudioVersion = 17.12.35514.174 d17.12
MinimumVisualStudioVersion = 10.0.40219.1
Project("{FAE04EC0-301F-11D3-BF4B-00C04F79EFBC}") = "KUtilities", "KUtilities\KUtilities.csproj", "{AE6984DC-F069-4297-9BDF-1F4CAB82A039}"
EndProject
Project("{FAE04EC0-301F-11D3-BF4B-00C04F79EFBC}") = "KSerial", "KSerial\KSerial.csproj", "{238E0AC3-5718-4A12-B45C-54B4327C0E66}"
EndProject
Global
	GlobalSection(SolutionConfigurationPlatforms) = preSolution
		Debug|Any CPU = Debug|Any CPU
		Release|Any CPU = Release|Any CPU
	EndGlobalSection
	GlobalSection(ProjectConfigurationPlatforms) = postSolution
		{AE6984DC-F069-4297-9BDF-1F4CAB82A039}.Debug|Any CPU.ActiveCfg = Debug|Any CPU
		{AE6984DC-F069-4297-9BDF-1F4CAB82A039}.Debug|Any CPU.Build.0 = Debug|Any CPU
		{AE6984DC-F069-4297-9BDF-1F4CAB82A039}.Release|Any CPU.ActiveCfg = Release|Any CPU
		{AE6984DC-F069-4297-9BDF-1F4CAB82A039}.Release|Any CPU.Build.0 = Release|Any CPU
		{238E0AC3-5718-4A12-B45C-54B4327C0E66}.Debug|Any CPU.ActiveCfg = Debug|Any CPU
		{238E0AC3-5718-4A12-B45C-54B4327C0E66}.Debug|Any CPU.Build.0 = Debug|Any CPU
		{238E0AC3-5718-4A12-B45C-54B4327C0E66}.Release|Any CPU.ActiveCfg = Release|Any CPU
		{238E0AC3-5718-4A12-B45C-54B4327C0E66}.Release|Any CPU.Build.0 = Release|Any CPU
	EndGlobalSection
	GlobalSection(SolutionProperties) = preSolution
		HideSolutionNode = FALSE
	EndGlobalSection
EndGlobal
